
Microsoft Visual Studio Solution File, Format Version 12.00
# Visual Studio Version 16
VisualStudioVersion = 16.0.30611.23
MinimumVisualStudioVersion = 10.0.40219.1
Project("{FAE04EC0-301F-11D3-BF4B-00C04F79EFBC}") = "calculator", "calculator\calculator.csproj", "{31119882-D236-455D-8AE4-76436155CD7E}"
EndProject
Global
	GlobalSection(SolutionConfigurationPlatforms) = preSolution
		Debug|Any CPU = Debug|Any CPU
		Release|Any CPU = Release|Any CPU
	EndGlobalSection
	GlobalSection(ProjectConfigurationPlatforms) = postSolution
		{31119882-D236-455D-8AE4-76436155CD7E}.Debug|Any CPU.ActiveCfg = Debug|Any CPU
		{31119882-D236-455D-8AE4-76436155CD7E}.Debug|Any CPU.Build.0 = Debug|Any CPU
		{31119882-D236-455D-8AE4-76436155CD7E}.Release|Any CPU.ActiveCfg = Release|Any CPU
		{31119882-D236-455D-8AE4-76436155CD7E}.Release|Any CPU.Build.0 = Release|Any CPU
	EndGlobalSection
	GlobalSection(SolutionProperties) = preSolution
		HideSolutionNode = FALSE
	EndGlobalSection
	GlobalSection(ExtensibilityGlobals) = postSolution
		SolutionGuid = {2A48830D-2409-4E19-B8DF-249A7BF329E4}
	EndGlobalSection
EndGlobal
